<?xml version="1.0" encoding="utf-8"?>
<Project ToolsVersion="4.0" xmlns="http://schemas.microsoft.com/developer/msbuild/2003">
  <ItemGroup>
    <Filter Include="Source Files">
      <UniqueIdentifier>{4FC737F1-C7A5-4376-A066-2A32D752A2FF}</UniqueIdentifier>
      <Extensions>cpp;c;cc;cxx;c++;cppm;ixx;def;odl;idl;hpj;bat;asm;asmx</Extensions>
    </Filter>
    <Filter Include="Header Files">
      <UniqueIdentifier>{93995380-89BD-4b04-88EB-625FBE52EBFB}</UniqueIdentifier>
      <Extensions>h;hh;hpp;hxx;h++;hm;inl;inc;ipp;xsd</Extensions>
    </Filter>
    <Filter Include="Resource Files">
      <UniqueIdentifier>{67DA6AB6-F800-4c08-8B7A-83BB121AAD01}</UniqueIdentifier>
      <Extensions>rc;ico;cur;bmp;dlg;rc2;rct;bin;rgs;gif;jpg;jpeg;jpe;resx;tiff;tif;png;wav;mfcribbon-ms</Extensions>
    </Filter>
    <Filter Include="Header Files\Engine">
      <UniqueIdentifier>{81ed042a-318b-49e2-b402-d6cc786fabb1}</UniqueIdentifier>
    </Filter>
    <Filter Include="Source Files\Engine">
      <UniqueIdentifier>{e37ad967-5d32-41be-8c2e-9056df806146}</UniqueIdentifier>
    </Filter>
    <Filter Include="Source Files\Game">
      <UniqueIdentifier>{f02f5877-5126-4e0e-b5b2-53d45284621e}</UniqueIdentifier>
    </Filter>
    <Filter Include="Header Files\Engine\Core">
      <UniqueIdentifier>{13c9ba09-0b30-4eab-a3b8-63be1d30cb82}</UniqueIdentifier>
    </Filter>
    <Filter Include="Source Files\Engine\Core">
      <UniqueIdentifier>{ee7de621-273d-498e-a7fd-68b635ced610}</UniqueIdentifier>
    </Filter>
    <Filter Include="Header Files\Engine\Graphics">
      <UniqueIdentifier>{732b2f45-3f58-48b7-a807-735db49faba1}</UniqueIdentifier>
    </Filter>
    <Filter Include="Source Files\Engine\Graphics">
      <UniqueIdentifier>{24a77da2-73c1-416a-a515-1dc701e32368}</UniqueIdentifier>
    </Filter>
    <Filter Include="Header Files\Engine\Components">
      <UniqueIdentifier>{40407d04-934b-4e39-8fb1-99e8793ef0d8}</UniqueIdentifier>
    </Filter>
    <Filter Include="Source Files\Engine\Components">
      <UniqueIdentifier>{fe0ec89a-f8b5-45e1-bb73-4eca64966b7a}</UniqueIdentifier>
    </Filter>
    <Filter Include="Header Files\Engine\UI">
      <UniqueIdentifier>{a4ecd94d-c147-44f9-9ef1-bb46ace8380d}</UniqueIdentifier>
    </Filter>
    <Filter Include="Source Files\Engine\UI">
      <UniqueIdentifier>{925d2b3f-c787-4afd-9c10-c6618dc470b3}</UniqueIdentifier>
    </Filter>
    <Filter Include="Header Files\Engine\Components\Camera">
      <UniqueIdentifier>{33b4ebe5-80b7-4c16-834f-99f390caca64}</UniqueIdentifier>
    </Filter>
    <Filter Include="Header Files\Engine\Components\Rendering">
      <UniqueIdentifier>{2eab34c5-3cc8-4c89-92b3-23f9a7ba01ab}</UniqueIdentifier>
    </Filter>
    <Filter Include="Source Files\Engine\Components\Camera">
      <UniqueIdentifier>{d1f93a64-4161-46ff-9ce6-5aa62269cce3}</UniqueIdentifier>
    </Filter>
    <Filter Include="Source Files\Engine\Components\Rendering">
      <UniqueIdentifier>{b6537714-3917-4781-ab69-d2c0523f2663}</UniqueIdentifier>
    </Filter>
    <Filter Include="Header Files\Engine\Core\Math">
      <UniqueIdentifier>{e9308300-3ea1-44fc-9709-dd5820a96a3c}</UniqueIdentifier>
    </Filter>
    <Filter Include="Header Files\Engine\Core\Resource">
      <UniqueIdentifier>{6f81e850-c429-437b-b436-6fbcd35c2054}</UniqueIdentifier>
    </Filter>
    <Filter Include="Source Files\Engine\Core\Resource">
      <UniqueIdentifier>{3a231370-7e07-4c99-8fc8-fc7f9faf74c4}</UniqueIdentifier>
    </Filter>
    <Filter Include="Header Files\Engine\Rendering">
      <UniqueIdentifier>{3daf414b-3466-477a-a010-a47002ed4ae1}</UniqueIdentifier>
    </Filter>
    <Filter Include="Source Files\Engine\Rendering">
      <UniqueIdentifier>{bfdf0559-6ba5-40a3-934e-41e11f8aaa1c}</UniqueIdentifier>
    </Filter>
    <Filter Include="Header Files\Game">
      <UniqueIdentifier>{f7686e8c-e675-4113-abf3-22c2c1feeee7}</UniqueIdentifier>
    </Filter>
    <Filter Include="Source Files\Engine\Core\Inputs">
      <UniqueIdentifier>{ab840edf-a286-4da2-a4fc-b33ec44aa902}</UniqueIdentifier>
    </Filter>
    <Filter Include="Header Files\Engine\Core\Inputs">
      <UniqueIdentifier>{b8db5cb5-aa00-4c2c-b4e8-eb97528c66e9}</UniqueIdentifier>
    </Filter>
    <Filter Include="Header Files\Game\MainMenu">
      <UniqueIdentifier>{c43b7472-0fd6-4ac1-8b8c-fe6600d58393}</UniqueIdentifier>
    </Filter>
    <Filter Include="Source Files\Game\MainMenu">
      <UniqueIdentifier>{3108de29-dec0-4c91-95c3-38fb87ab2e25}</UniqueIdentifier>
    </Filter>
    <Filter Include="Header Files\Engine\Core\Delegate">
      <UniqueIdentifier>{827786cf-7c0b-46d7-a5f9-292020c53144}</UniqueIdentifier>
    </Filter>
    <Filter Include="Header Files\Game\Common">
      <UniqueIdentifier>{55bcb6ff-8cb9-4358-a927-362e56dcf977}</UniqueIdentifier>
    </Filter>
    <Filter Include="Header Files\Game\Common\UI">
      <UniqueIdentifier>{137c2193-7246-4695-9451-8792b38fe526}</UniqueIdentifier>
    </Filter>
    <Filter Include="Source Files\Game\Common">
      <UniqueIdentifier>{33d0a172-71b4-45a4-8f73-5e9b91b4837a}</UniqueIdentifier>
    </Filter>
    <Filter Include="Source Files\Game\Common\UI">
      <UniqueIdentifier>{593dfc50-e00f-4791-a7c5-fab3fe74cc35}</UniqueIdentifier>
    </Filter>
    <Filter Include="Header Files\Engine\World">
      <UniqueIdentifier>{dfe76246-e3e3-4d7c-a308-8d6ac3bd59ed}</UniqueIdentifier>
    </Filter>
    <Filter Include="Header Files\Engine\World\Systems">
      <UniqueIdentifier>{36f4cdd2-8ddd-4a36-b764-0eedf2a63942}</UniqueIdentifier>
    </Filter>
    <Filter Include="Header Files\Engine\World\ObjectCollections">
      <UniqueIdentifier>{e7a88bfb-4fd8-47da-9b72-05216bedb7a5}</UniqueIdentifier>
    </Filter>
    <Filter Include="Source Files\Engine\World">
      <UniqueIdentifier>{75211518-ec7e-46e4-9d01-019e5ae4f27d}</UniqueIdentifier>
    </Filter>
    <Filter Include="Source Files\Engine\World\Systems">
      <UniqueIdentifier>{e56c951e-a800-4583-b5ed-cf7587326b23}</UniqueIdentifier>
    </Filter>
    <Filter Include="Source Files\Engine\World\ObjectCollections">
      <UniqueIdentifier>{3527ea82-aed7-4d9c-98fb-08b04421c032}</UniqueIdentifier>
    </Filter>
    <Filter Include="Header Files\Engine\World\SpatialGraph">
      <UniqueIdentifier>{dcf2018d-382c-4a5c-ab46-8c081d6d8cdf}</UniqueIdentifier>
    </Filter>
    <Filter Include="Source Files\Engine\World\SpatialGraph">
      <UniqueIdentifier>{f006d430-4b50-468e-86ae-9c4fb43ba4b7}</UniqueIdentifier>
    </Filter>
    <Filter Include="Header Files\Game\BattleLevel">
      <UniqueIdentifier>{57fd752d-c607-47b4-b79a-a50686adea72}</UniqueIdentifier>
    </Filter>
    <Filter Include="Source Files\Game\BattleLevel">
      <UniqueIdentifier>{b40526ab-107f-4083-93f2-af8e3f7b2b5c}</UniqueIdentifier>
    </Filter>
    <Filter Include="Header Files\Engine\World\Level">
      <UniqueIdentifier>{17c64175-12bc-454a-b4b8-5cbe75224d5c}</UniqueIdentifier>
    </Filter>
    <Filter Include="Header Files\Engine\World\Level\Scene">
      <UniqueIdentifier>{3ac6b553-5479-4b7c-a870-df9eefd303ae}</UniqueIdentifier>
    </Filter>
    <Filter Include="Source Files\Engine\World\Level">
      <UniqueIdentifier>{29569dc9-e470-4f19-806b-adcc2685efb4}</UniqueIdentifier>
    </Filter>
    <Filter Include="Source Files\Engine\World\Level\Scene">
      <UniqueIdentifier>{1462d54a-aa31-47e0-ae1b-56e15cb64c61}</UniqueIdentifier>
    </Filter>
  </ItemGroup>
  <ItemGroup>
    <ClCompile Include="main.cpp">
      <Filter>Source Files</Filter>
    </ClCompile>
    <ClCompile Include="Engine\source\Core\Engine.cpp">
      <Filter>Source Files\Engine\Core</Filter>
    </ClCompile>
    <ClCompile Include="Engine\source\Graphics\Texture.cpp">
      <Filter>Source Files\Engine\Graphics</Filter>
    </ClCompile>
    <ClCompile Include="Engine\source\Components\ActorComponent.cpp">
      <Filter>Source Files\Engine\Components</Filter>
    </ClCompile>
    <ClCompile Include="Engine\source\UI\Widget.cpp">
      <Filter>Source Files\Engine\UI</Filter>
    </ClCompile>
    <ClCompile Include="Engine\source\Graphics\Font.cpp">
      <Filter>Source Files\Engine\Graphics</Filter>
    </ClCompile>
    <ClCompile Include="Engine\source\UI\Text.cpp">
      <Filter>Source Files\Engine\UI</Filter>
    </ClCompile>
    <ClCompile Include="Engine\source\Components\Rendering\SpriteRendererComponent.cpp">
      <Filter>Source Files\Engine\Components\Rendering</Filter>
    </ClCompile>
    <ClCompile Include="Engine\source\Components\Camera\CameraComponent.cpp">
      <Filter>Source Files\Engine\Components\Camera</Filter>
    </ClCompile>
    <ClCompile Include="Engine\source\Core\Resource\ResourceManager.cpp">
      <Filter>Source Files\Engine\Core\Resource</Filter>
    </ClCompile>
    <ClCompile Include="Engine\source\Rendering\Material.cpp">
      <Filter>Source Files\Engine\Rendering</Filter>
    </ClCompile>
    <ClCompile Include="Engine\source\Rendering\Renderer.cpp">
      <Filter>Source Files\Engine\Rendering</Filter>
    </ClCompile>
    <ClCompile Include="Engine\source\Rendering\Shader.cpp">
      <Filter>Source Files\Engine\Rendering</Filter>
    </ClCompile>
    <ClCompile Include="Engine\source\Core\Window.cpp">
      <Filter>Source Files\Engine\Core</Filter>
    </ClCompile>
    <ClCompile Include="Engine\source\UI\Button.cpp">
      <Filter>Source Files\Engine\UI</Filter>
    </ClCompile>
    <ClCompile Include="Engine\source\Core\Inputs\InputManager.cpp">
      <Filter>Source Files\Engine\Core\Inputs</Filter>
    </ClCompile>
    <ClCompile Include="Engine\source\UI\Image.cpp">
      <Filter>Source Files\Engine\UI</Filter>
    </ClCompile>
    <ClCompile Include="Game\source\MainMenu\MainMenuLevel.cpp">
      <Filter>Source Files\Game\MainMenu</Filter>
    </ClCompile>
    <ClCompile Include="Game\source\Common\UI\LoadLevelButton.cpp">
      <Filter>Source Files\Game\Common\UI</Filter>
    </ClCompile>
    <ClCompile Include="Engine\source\Core\Random.cpp">
      <Filter>Source Files\Engine\Core</Filter>
    </ClCompile>
    <ClCompile Include="Engine\include\Components\SceneComponent.cpp">
      <Filter>Source Files\Engine\Components</Filter>
    </ClCompile>
    <ClCompile Include="Engine\source\UI\UserWidget.cpp">
      <Filter>Source Files\Engine\UI</Filter>
    </ClCompile>
    <ClCompile Include="Engine\source\World\PlayerController.cpp">
      <Filter>Source Files\Engine\World</Filter>
    </ClCompile>
    <ClCompile Include="Engine\source\World\World.cpp">
      <Filter>Source Files\Engine\World</Filter>
    </ClCompile>
    <ClCompile Include="Engine\source\World\Systems\UISystem.cpp">
      <Filter>Source Files\Engine\World\Systems</Filter>
    </ClCompile>
    <ClCompile Include="Engine\source\World\ObjectCollections\ActorCollection.cpp">
      <Filter>Source Files\Engine\World\ObjectCollections</Filter>
    </ClCompile>
    <ClCompile Include="Engine\source\World\ObjectCollections\ComponentCollection.cpp">
      <Filter>Source Files\Engine\World\ObjectCollections</Filter>
    </ClCompile>
    <ClCompile Include="Engine\source\World\ObjectCollections\LevelSubsystemCollection.cpp">
      <Filter>Source Files\Engine\World\ObjectCollections</Filter>
    </ClCompile>
    <ClCompile Include="Engine\source\World\ObjectCollections\WidgetCollection.cpp">
      <Filter>Source Files\Engine\World\ObjectCollections</Filter>
    </ClCompile>
    <ClCompile Include="Engine\source\World\SpatialGraph\SceneGraph.cpp">
      <Filter>Source Files\Engine\World\SpatialGraph</Filter>
    </ClCompile>
    <ClCompile Include="Engine\source\World\SpatialGraph\SceneNode.cpp">
      <Filter>Source Files\Engine\World\SpatialGraph</Filter>
    </ClCompile>
    <ClCompile Include="Game\include\BattleLevel\BattleManager.cpp">
      <Filter>Header Files\Game\BattleLevel</Filter>
    </ClCompile>
    <ClCompile Include="Game\source\BattleLevel\BattleLevel.cpp">
      <Filter>Source Files\Game\BattleLevel</Filter>
    </ClCompile>
    <ClCompile Include="Game\source\BattleLevel\Enemy.cpp">
      <Filter>Source Files\Game\BattleLevel</Filter>
    </ClCompile>
    <ClCompile Include="Game\source\BattleLevel\EnemySpawner.cpp">
      <Filter>Source Files\Game\BattleLevel</Filter>
    </ClCompile>
    <ClCompile Include="Engine\source\World\Level\Scene\Actor.cpp">
      <Filter>Source Files\Engine\World\Level\Scene</Filter>
    </ClCompile>
    <ClCompile Include="Engine\source\World\Level\Scene\Scene.cpp">
      <Filter>Source Files\Engine\World\Level\Scene</Filter>
    </ClCompile>
    <ClCompile Include="Engine\source\World\Level\Level.cpp">
      <Filter>Source Files\Engine\World\Level</Filter>
    </ClCompile>
  </ItemGroup>
  <ItemGroup>
    <ClInclude Include="Engine\include\Core\Engine.h">
      <Filter>Header Files\Engine\Core</Filter>
    </ClInclude>
    <ClInclude Include="Engine\include\Graphics\Texture.h">
      <Filter>Header Files\Engine\Graphics</Filter>
    </ClInclude>
    <ClInclude Include="Engine\include\Components\ActorComponent.h">
      <Filter>Header Files\Engine\Components</Filter>
    </ClInclude>
    <ClInclude Include="Engine\include\UI\Image.h">
      <Filter>Header Files\Engine\UI</Filter>
    </ClInclude>
    <ClInclude Include="Engine\include\UI\Widget.h">
      <Filter>Header Files\Engine\UI</Filter>
    </ClInclude>
    <ClInclude Include="Engine\include\Graphics\Font.h">
      <Filter>Header Files\Engine\Graphics</Filter>
    </ClInclude>
    <ClInclude Include="Engine\include\UI\Text.h">
      <Filter>Header Files\Engine\UI</Filter>
    </ClInclude>
    <ClInclude Include="Engine\include\Components\Camera\CameraComponent.h">
      <Filter>Header Files\Engine\Components\Camera</Filter>
    </ClInclude>
    <ClInclude Include="Engine\include\Components\Rendering\SpriteRendererComponent.h">
      <Filter>Header Files\Engine\Components\Rendering</Filter>
    </ClInclude>
    <ClInclude Include="Engine\include\Core\Math\Transform2D.h">
      <Filter>Header Files\Engine\Core\Math</Filter>
    </ClInclude>
    <ClInclude Include="Engine\include\Core\Resource\ResourceManager.h">
      <Filter>Header Files\Engine\Core\Resource</Filter>
    </ClInclude>
    <ClInclude Include="Engine\include\Rendering\Material.h">
      <Filter>Header Files\Engine\Rendering</Filter>
    </ClInclude>
    <ClInclude Include="Engine\include\Rendering\Renderer.h">
      <Filter>Header Files\Engine\Rendering</Filter>
    </ClInclude>
    <ClInclude Include="Engine\include\Rendering\Shader.h">
      <Filter>Header Files\Engine\Rendering</Filter>
    </ClInclude>
    <ClInclude Include="Engine\include\Core\Window.h">
      <Filter>Header Files\Engine\Core</Filter>
    </ClInclude>
    <ClInclude Include="Engine\include\UI\Button.h">
      <Filter>Header Files\Engine\UI</Filter>
    </ClInclude>
    <ClInclude Include="Engine\include\Core\Inputs\InputManager.h">
      <Filter>Header Files\Engine\Core\Inputs</Filter>
    </ClInclude>
    <ClInclude Include="Game\include\MainMenu\MainMenuLevel.h">
      <Filter>Header Files\Game\MainMenu</Filter>
    </ClInclude>
    <ClInclude Include="Engine\include\Core\Delegate\Delegate.h">
      <Filter>Header Files\Engine\Core\Delegate</Filter>
    </ClInclude>
    <ClInclude Include="Game\include\Common\UI\LoadLevelButton.h">
      <Filter>Header Files\Game\Common\UI</Filter>
    </ClInclude>
    <ClInclude Include="Engine\include\Core\Random.h">
      <Filter>Header Files\Engine\Core</Filter>
    </ClInclude>
    <ClInclude Include="Engine\include\Components\SceneComponent.h">
      <Filter>Header Files\Engine\Components</Filter>
    </ClInclude>
    <ClInclude Include="Engine\include\Rendering\IRenderable.h">
      <Filter>Header Files\Engine\Rendering</Filter>
    </ClInclude>
    <ClInclude Include="Engine\include\Rendering\RenderQueue.h">
      <Filter>Header Files\Engine\Rendering</Filter>
    </ClInclude>
    <ClInclude Include="Engine\include\UI\UserWidget.h">
      <Filter>Header Files\Engine\UI</Filter>
    </ClInclude>
    <ClInclude Include="Engine\include\World\Object.h">
      <Filter>Header Files\Engine\World</Filter>
    </ClInclude>
    <ClInclude Include="Engine\include\World\PlayerController.h">
      <Filter>Header Files\Engine\World</Filter>
    </ClInclude>
    <ClInclude Include="Engine\include\World\SpawnInfos.h">
      <Filter>Header Files\Engine\World</Filter>
    </ClInclude>
    <ClInclude Include="Engine\include\World\World.h">
      <Filter>Header Files\Engine\World</Filter>
    </ClInclude>
    <ClInclude Include="Engine\include\World\Systems\UISystem.h">
      <Filter>Header Files\Engine\World\Systems</Filter>
    </ClInclude>
    <ClInclude Include="Engine\include\World\ObjectCollections\ActorCollection.h">
      <Filter>Header Files\Engine\World\ObjectCollections</Filter>
    </ClInclude>
    <ClInclude Include="Engine\include\World\ObjectCollections\ComponentCollection.h">
      <Filter>Header Files\Engine\World\ObjectCollections</Filter>
    </ClInclude>
    <ClInclude Include="Engine\include\World\ObjectCollections\ObjectCollection.h">
      <Filter>Header Files\Engine\World\ObjectCollections</Filter>
    </ClInclude>
    <ClInclude Include="Engine\include\World\ObjectCollections\LevelSubsystemCollection.h">
      <Filter>Header Files\Engine\World\ObjectCollections</Filter>
    </ClInclude>
    <ClInclude Include="Engine\include\World\ObjectCollections\WidgetCollection.h">
      <Filter>Header Files\Engine\World\ObjectCollections</Filter>
    </ClInclude>
    <ClInclude Include="Engine\include\World\SpatialGraph\ISpatialNodeOwner.h">
      <Filter>Header Files\Engine\World\SpatialGraph</Filter>
    </ClInclude>
    <ClInclude Include="Engine\include\World\SpatialGraph\SpatialGraph.h">
      <Filter>Header Files\Engine\World\SpatialGraph</Filter>
    </ClInclude>
    <ClInclude Include="Engine\include\World\SpatialGraph\SpatialNode.h">
      <Filter>Header Files\Engine\World\SpatialGraph</Filter>
    </ClInclude>
    <ClInclude Include="Game\include\BattleLevel\BattleLevel.h">
      <Filter>Header Files\Game\BattleLevel</Filter>
    </ClInclude>
    <ClInclude Include="Game\include\BattleLevel\BattleManager.h">
      <Filter>Header Files\Game\BattleLevel</Filter>
    </ClInclude>
    <ClInclude Include="Game\include\BattleLevel\Enemy.h">
      <Filter>Header Files\Game\BattleLevel</Filter>
    </ClInclude>
    <ClInclude Include="Game\include\BattleLevel\EnemySpawner.h">
      <Filter>Header Files\Game\BattleLevel</Filter>
    </ClInclude>
    <ClInclude Include="Engine\include\World\Level\Level.h">
      <Filter>Header Files\Engine\World\Level</Filter>
    </ClInclude>
    <ClInclude Include="Engine\include\World\Level\LevelSubsystem.h">
      <Filter>Header Files\Engine\World\Level</Filter>
    </ClInclude>
    <ClInclude Include="Engine\include\World\Level\Scene\Actor.h">
      <Filter>Header Files\Engine\World\Level\Scene</Filter>
    </ClInclude>
    <ClInclude Include="Engine\include\World\Level\Scene\Scene.h">
      <Filter>Header Files\Engine\World\Level\Scene</Filter>
    </ClInclude>
  </ItemGroup>
  <ItemGroup>
    <None Include="Engine\include\UI\UserWidget.inl">
      <Filter>Header Files\Engine\UI</Filter>
    </None>
    <None Include="Engine\include\World\Systems\UISystem.inl">
      <Filter>Header Files\Engine\World\Systems</Filter>
    </None>
    <None Include="Engine\include\World\Scene.inl">
      <Filter>Header Files\Engine\World</Filter>
    </None>
    <None Include="Engine\include\World\Level\Level.inl">
      <Filter>Header Files\Engine\World\Level</Filter>
    </None>
    <None Include="Engine\include\World\Level\Scene\Actor.inl">
      <Filter>Header Files\Engine\World\Level\Scene</Filter>
    </None>
    <None Include="Engine\include\World\Level\Scene\Scene.inl">
      <Filter>Header Files\Engine\World\Level\Scene</Filter>
    </None>
  </ItemGroup>
</Project>